
Microsoft Visual Studio Solution File, Format Version 12.00
# Visual Studio Version 17
VisualStudioVersion = 17.3.32929.385
MinimumVisualStudioVersion = 10.0.40219.1
Project("{9A19103F-16F7-4668-BE54-9A1E7A4F7556}") = "App.Rifas.Core.Api", "App.Rifas.Core.Api\App.Rifas.Core.Api.csproj", "{63877482-1D16-43EB-BBCF-2668209EAD53}"
EndProject
Project("{E53339B2-1760-4266-BCC7-CA923CBCF16C}") = "docker-compose", "docker-compose.dcproj", "{4E1A2F01-5340-4A60-BA62-781EB6DDE338}"
EndProject
Project("{9A19103F-16F7-4668-BE54-9A1E7A4F7556}") = "App.Rifas.Core.DataAccess", "..\App.Rifas.Core.DataAccess\App.Rifas.Core.DataAccess.csproj", "{F3272616-7610-4CD5-A0EF-24E342F95C63}"
EndProject
Project("{FAE04EC0-301F-11D3-BF4B-00C04F79EFBC}") = "App.Rifas.Core.Bll", "..\App.Rifas.Core.Bll\App.Rifas.Core.Bll.csproj", "{E9ED528B-CDD1-41DB-BF18-DA70E6B052CD}"
EndProject
Project("{FAE04EC0-301F-11D3-BF4B-00C04F79EFBC}") = "App.Rifas.Core.Mapping", "..\App.Rifas.Core.Mapping\App.Rifas.Core.Mapping.csproj", "{DE7484AE-8457-443B-A4E5-A48EDA24770C}"
EndProject
Global
	GlobalSection(SolutionConfigurationPlatforms) = preSolution
		Debug|Any CPU = Debug|Any CPU
		Release|Any CPU = Release|Any CPU
	EndGlobalSection
	GlobalSection(ProjectConfigurationPlatforms) = postSolution
		{63877482-1D16-43EB-BBCF-2668209EAD53}.Debug|Any CPU.ActiveCfg = Debug|Any CPU
		{63877482-1D16-43EB-BBCF-2668209EAD53}.Debug|Any CPU.Build.0 = Debug|Any CPU
		{63877482-1D16-43EB-BBCF-2668209EAD53}.Release|Any CPU.ActiveCfg = Release|Any CPU
		{63877482-1D16-43EB-BBCF-2668209EAD53}.Release|Any CPU.Build.0 = Release|Any CPU
		{4E1A2F01-5340-4A60-BA62-781EB6DDE338}.Debug|Any CPU.ActiveCfg = Debug|Any CPU
		{4E1A2F01-5340-4A60-BA62-781EB6DDE338}.Debug|Any CPU.Build.0 = Debug|Any CPU
		{4E1A2F01-5340-4A60-BA62-781EB6DDE338}.Release|Any CPU.ActiveCfg = Release|Any CPU
		{4E1A2F01-5340-4A60-BA62-781EB6DDE338}.Release|Any CPU.Build.0 = Release|Any CPU
		{F3272616-7610-4CD5-A0EF-24E342F95C63}.Debug|Any CPU.ActiveCfg = Debug|Any CPU
		{F3272616-7610-4CD5-A0EF-24E342F95C63}.Debug|Any CPU.Build.0 = Debug|Any CPU
		{F3272616-7610-4CD5-A0EF-24E342F95C63}.Release|Any CPU.ActiveCfg = Release|Any CPU
		{F3272616-7610-4CD5-A0EF-24E342F95C63}.Release|Any CPU.Build.0 = Release|Any CPU
		{E9ED528B-CDD1-41DB-BF18-DA70E6B052CD}.Debug|Any CPU.ActiveCfg = Debug|Any CPU
		{E9ED528B-CDD1-41DB-BF18-DA70E6B052CD}.Debug|Any CPU.Build.0 = Debug|Any CPU
		{E9ED528B-CDD1-41DB-BF18-DA70E6B052CD}.Release|Any CPU.ActiveCfg = Release|Any CPU
		{E9ED528B-CDD1-41DB-BF18-DA70E6B052CD}.Release|Any CPU.Build.0 = Release|Any CPU
		{DE7484AE-8457-443B-A4E5-A48EDA24770C}.Debug|Any CPU.ActiveCfg = Debug|Any CPU
		{DE7484AE-8457-443B-A4E5-A48EDA24770C}.Debug|Any CPU.Build.0 = Debug|Any CPU
		{DE7484AE-8457-443B-A4E5-A48EDA24770C}.Release|Any CPU.ActiveCfg = Release|Any CPU
		{DE7484AE-8457-443B-A4E5-A48EDA24770C}.Release|Any CPU.Build.0 = Release|Any CPU
	EndGlobalSection
	GlobalSection(SolutionProperties) = preSolution
		HideSolutionNode = FALSE
	EndGlobalSection
	GlobalSection(ExtensibilityGlobals) = postSolution
		SolutionGuid = {FC0A18F6-D233-433C-8F08-D09239638961}
	EndGlobalSection
EndGlobal
